
Microsoft Visual Studio Solution File, Format Version 12.00
# Visual Studio 14
VisualStudioVersion = 14.0.25420.1
MinimumVisualStudioVersion = 10.0.40219.1
Project("{FAE04EC0-301F-11D3-BF4B-00C04F79EFBC}") = "WebSite", "WebSite\WebSite.csproj", "{02849888-779F-40CB-A8B4-73DD6B4AFA81}"
EndProject
Project("{2150E333-8FDC-42A3-9474-1A3956D46DE8}") = "Backend", "Backend", "{A509EE2F-D417-422C-8707-C9008343B29F}"
EndProject
Project("{2150E333-8FDC-42A3-9474-1A3956D46DE8}") = "Providers", "Providers", "{D17E2FBF-BA78-4BDE-9B8A-3E53C2AF6D0C}"
EndProject
Project("{FAE04EC0-301F-11D3-BF4B-00C04F79EFBC}") = "Configuration", "Backend\Configuration\Configuration.csproj", "{0630019F-E1DC-4AC6-B3F7-CF05AA886784}"
EndProject
Project("{FAE04EC0-301F-11D3-BF4B-00C04F79EFBC}") = "DataFilters", "Backend\DataFilters\DataFilters.csproj", "{E8555C5D-41D1-4B1C-AB63-B7AA4C01BCA2}"
EndProject
Project("{FAE04EC0-301F-11D3-BF4B-00C04F79EFBC}") = "DataObjects", "Backend\DataObjects\DataObjects.csproj", "{5166CAFC-F622-401C-90CC-707DCB0815AC}"
EndProject
Project("{FAE04EC0-301F-11D3-BF4B-00C04F79EFBC}") = "Exceptions", "Backend\Exceptions\Exceptions.csproj", "{4C6B92F3-3F91-40A9-B050-7C2A0A7977BB}"
EndProject
Project("{FAE04EC0-301F-11D3-BF4B-00C04F79EFBC}") = "Helpers", "Backend\Helpers\Helpers.csproj", "{1BAC3375-B4B4-4282-A173-1D1CDF114A79}"
EndProject
Project("{FAE04EC0-301F-11D3-BF4B-00C04F79EFBC}") = "Managers", "Backend\Managers\Managers.csproj", "{724100DF-E2AB-438B-8966-50023D393DF6}"
EndProject
Project("{FAE04EC0-301F-11D3-BF4B-00C04F79EFBC}") = "Security", "Backend\Security\Security.csproj", "{965D14F2-AB33-4B0A-A6F2-266B3E596F9C}"
EndProject
Project("{FAE04EC0-301F-11D3-BF4B-00C04F79EFBC}") = "Crypto", "Backend\Providers\Crypto\Crypto.csproj", "{8E27AD81-4A0F-43FD-A45A-85654730FC9E}"
EndProject
Project("{FAE04EC0-301F-11D3-BF4B-00C04F79EFBC}") = "Logging", "Backend\Providers\Logging\Logging.csproj", "{9AA5FBFC-69BA-4BA3-82AD-49F82CD2EB11}"
EndProject
Project("{FAE04EC0-301F-11D3-BF4B-00C04F79EFBC}") = "Mail", "Backend\Providers\Mail\Mail.csproj", "{C01F30BA-2CC9-4356-9042-E435529D3D27}"
EndProject
Project("{FAE04EC0-301F-11D3-BF4B-00C04F79EFBC}") = "Passwords", "Backend\Providers\Passwords\Passwords.csproj", "{D19CDF9D-992F-4EBC-96E9-3F0BE4721FEE}"
EndProject
Project("{FAE04EC0-301F-11D3-BF4B-00C04F79EFBC}") = "Tokens", "Backend\Providers\Tokens\Tokens.csproj", "{2CEFF99D-1113-4E0E-A2EB-687B045E289E}"
EndProject
Project("{FAE04EC0-301F-11D3-BF4B-00C04F79EFBC}") = "Database", "Backend\Providers\Database\Database.csproj", "{B9488347-04DA-4CA2-A862-6D9A4A761548}"
EndProject
Project("{FAE04EC0-301F-11D3-BF4B-00C04F79EFBC}") = "Catalogs", "Backend\Catalogs\Catalogs.csproj", "{CC7C860D-713F-4783-909F-DD9E893DA597}"
EndProject
Project("{FAE04EC0-301F-11D3-BF4B-00C04F79EFBC}") = "BackendTest", "Test\BackendTest\BackendTest.csproj", "{94F6B066-6654-48F6-B33C-AE5D726323F1}"
EndProject
Project("{FAE04EC0-301F-11D3-BF4B-00C04F79EFBC}") = "Upgrade", "Test\Upgrade\Upgrade.csproj", "{E65250A8-86EC-41C6-AFAD-E04B483C2931}"
EndProject
Global
	GlobalSection(SolutionConfigurationPlatforms) = preSolution
		Debug|Any CPU = Debug|Any CPU
		Local|Any CPU = Local|Any CPU
		Release|Any CPU = Release|Any CPU
	EndGlobalSection
	GlobalSection(ProjectConfigurationPlatforms) = postSolution
		{02849888-779F-40CB-A8B4-73DD6B4AFA81}.Debug|Any CPU.ActiveCfg = Debug|Any CPU
		{02849888-779F-40CB-A8B4-73DD6B4AFA81}.Debug|Any CPU.Build.0 = Debug|Any CPU
		{02849888-779F-40CB-A8B4-73DD6B4AFA81}.Local|Any CPU.ActiveCfg = Debug|Any CPU
		{02849888-779F-40CB-A8B4-73DD6B4AFA81}.Local|Any CPU.Build.0 = Debug|Any CPU
		{02849888-779F-40CB-A8B4-73DD6B4AFA81}.Release|Any CPU.ActiveCfg = Release|Any CPU
		{02849888-779F-40CB-A8B4-73DD6B4AFA81}.Release|Any CPU.Build.0 = Release|Any CPU
		{0630019F-E1DC-4AC6-B3F7-CF05AA886784}.Debug|Any CPU.ActiveCfg = Release|Any CPU
		{0630019F-E1DC-4AC6-B3F7-CF05AA886784}.Debug|Any CPU.Build.0 = Release|Any CPU
		{0630019F-E1DC-4AC6-B3F7-CF05AA886784}.Local|Any CPU.ActiveCfg = Local|Any CPU
		{0630019F-E1DC-4AC6-B3F7-CF05AA886784}.Local|Any CPU.Build.0 = Local|Any CPU
		{0630019F-E1DC-4AC6-B3F7-CF05AA886784}.Release|Any CPU.ActiveCfg = Release|Any CPU
		{0630019F-E1DC-4AC6-B3F7-CF05AA886784}.Release|Any CPU.Build.0 = Release|Any CPU
		{E8555C5D-41D1-4B1C-AB63-B7AA4C01BCA2}.Debug|Any CPU.ActiveCfg = Debug|Any CPU
		{E8555C5D-41D1-4B1C-AB63-B7AA4C01BCA2}.Debug|Any CPU.Build.0 = Debug|Any CPU
		{E8555C5D-41D1-4B1C-AB63-B7AA4C01BCA2}.Local|Any CPU.ActiveCfg = Debug|Any CPU
		{E8555C5D-41D1-4B1C-AB63-B7AA4C01BCA2}.Local|Any CPU.Build.0 = Debug|Any CPU
		{E8555C5D-41D1-4B1C-AB63-B7AA4C01BCA2}.Release|Any CPU.ActiveCfg = Release|Any CPU
		{E8555C5D-41D1-4B1C-AB63-B7AA4C01BCA2}.Release|Any CPU.Build.0 = Release|Any CPU
		{5166CAFC-F622-401C-90CC-707DCB0815AC}.Debug|Any CPU.ActiveCfg = Debug|Any CPU
		{5166CAFC-F622-401C-90CC-707DCB0815AC}.Debug|Any CPU.Build.0 = Debug|Any CPU
		{5166CAFC-F622-401C-90CC-707DCB0815AC}.Local|Any CPU.ActiveCfg = Debug|Any CPU
		{5166CAFC-F622-401C-90CC-707DCB0815AC}.Local|Any CPU.Build.0 = Debug|Any CPU
		{5166CAFC-F622-401C-90CC-707DCB0815AC}.Release|Any CPU.ActiveCfg = Release|Any CPU
		{5166CAFC-F622-401C-90CC-707DCB0815AC}.Release|Any CPU.Build.0 = Release|Any CPU
		{4C6B92F3-3F91-40A9-B050-7C2A0A7977BB}.Debug|Any CPU.ActiveCfg = Debug|Any CPU
		{4C6B92F3-3F91-40A9-B050-7C2A0A7977BB}.Debug|Any CPU.Build.0 = Debug|Any CPU
		{4C6B92F3-3F91-40A9-B050-7C2A0A7977BB}.Local|Any CPU.ActiveCfg = Debug|Any CPU
		{4C6B92F3-3F91-40A9-B050-7C2A0A7977BB}.Local|Any CPU.Build.0 = Debug|Any CPU
		{4C6B92F3-3F91-40A9-B050-7C2A0A7977BB}.Release|Any CPU.ActiveCfg = Release|Any CPU
		{4C6B92F3-3F91-40A9-B050-7C2A0A7977BB}.Release|Any CPU.Build.0 = Release|Any CPU
		{1BAC3375-B4B4-4282-A173-1D1CDF114A79}.Debug|Any CPU.ActiveCfg = Debug|Any CPU
		{1BAC3375-B4B4-4282-A173-1D1CDF114A79}.Debug|Any CPU.Build.0 = Debug|Any CPU
		{1BAC3375-B4B4-4282-A173-1D1CDF114A79}.Local|Any CPU.ActiveCfg = Debug|Any CPU
		{1BAC3375-B4B4-4282-A173-1D1CDF114A79}.Local|Any CPU.Build.0 = Debug|Any CPU
		{1BAC3375-B4B4-4282-A173-1D1CDF114A79}.Release|Any CPU.ActiveCfg = Release|Any CPU
		{1BAC3375-B4B4-4282-A173-1D1CDF114A79}.Release|Any CPU.Build.0 = Release|Any CPU
		{724100DF-E2AB-438B-8966-50023D393DF6}.Debug|Any CPU.ActiveCfg = Debug|Any CPU
		{724100DF-E2AB-438B-8966-50023D393DF6}.Debug|Any CPU.Build.0 = Debug|Any CPU
		{724100DF-E2AB-438B-8966-50023D393DF6}.Local|Any CPU.ActiveCfg = Debug|Any CPU
		{724100DF-E2AB-438B-8966-50023D393DF6}.Local|Any CPU.Build.0 = Debug|Any CPU
		{724100DF-E2AB-438B-8966-50023D393DF6}.Release|Any CPU.ActiveCfg = Release|Any CPU
		{724100DF-E2AB-438B-8966-50023D393DF6}.Release|Any CPU.Build.0 = Release|Any CPU
		{965D14F2-AB33-4B0A-A6F2-266B3E596F9C}.Debug|Any CPU.ActiveCfg = Debug|Any CPU
		{965D14F2-AB33-4B0A-A6F2-266B3E596F9C}.Debug|Any CPU.Build.0 = Debug|Any CPU
		{965D14F2-AB33-4B0A-A6F2-266B3E596F9C}.Local|Any CPU.ActiveCfg = Debug|Any CPU
		{965D14F2-AB33-4B0A-A6F2-266B3E596F9C}.Local|Any CPU.Build.0 = Debug|Any CPU
		{965D14F2-AB33-4B0A-A6F2-266B3E596F9C}.Release|Any CPU.ActiveCfg = Release|Any CPU
		{965D14F2-AB33-4B0A-A6F2-266B3E596F9C}.Release|Any CPU.Build.0 = Release|Any CPU
		{8E27AD81-4A0F-43FD-A45A-85654730FC9E}.Debug|Any CPU.ActiveCfg = Debug|Any CPU
		{8E27AD81-4A0F-43FD-A45A-85654730FC9E}.Debug|Any CPU.Build.0 = Debug|Any CPU
		{8E27AD81-4A0F-43FD-A45A-85654730FC9E}.Local|Any CPU.ActiveCfg = Debug|Any CPU
		{8E27AD81-4A0F-43FD-A45A-85654730FC9E}.Local|Any CPU.Build.0 = Debug|Any CPU
		{8E27AD81-4A0F-43FD-A45A-85654730FC9E}.Release|Any CPU.ActiveCfg = Release|Any CPU
		{8E27AD81-4A0F-43FD-A45A-85654730FC9E}.Release|Any CPU.Build.0 = Release|Any CPU
		{9AA5FBFC-69BA-4BA3-82AD-49F82CD2EB11}.Debug|Any CPU.ActiveCfg = Debug|Any CPU
		{9AA5FBFC-69BA-4BA3-82AD-49F82CD2EB11}.Debug|Any CPU.Build.0 = Debug|Any CPU
		{9AA5FBFC-69BA-4BA3-82AD-49F82CD2EB11}.Local|Any CPU.ActiveCfg = Debug|Any CPU
		{9AA5FBFC-69BA-4BA3-82AD-49F82CD2EB11}.Local|Any CPU.Build.0 = Debug|Any CPU
		{9AA5FBFC-69BA-4BA3-82AD-49F82CD2EB11}.Release|Any CPU.ActiveCfg = Release|Any CPU
		{9AA5FBFC-69BA-4BA3-82AD-49F82CD2EB11}.Release|Any CPU.Build.0 = Release|Any CPU
		{C01F30BA-2CC9-4356-9042-E435529D3D27}.Debug|Any CPU.ActiveCfg = Debug|Any CPU
		{C01F30BA-2CC9-4356-9042-E435529D3D27}.Debug|Any CPU.Build.0 = Debug|Any CPU
		{C01F30BA-2CC9-4356-9042-E435529D3D27}.Local|Any CPU.ActiveCfg = Debug|Any CPU
		{C01F30BA-2CC9-4356-9042-E435529D3D27}.Local|Any CPU.Build.0 = Debug|Any CPU
		{C01F30BA-2CC9-4356-9042-E435529D3D27}.Release|Any CPU.ActiveCfg = Release|Any CPU
		{C01F30BA-2CC9-4356-9042-E435529D3D27}.Release|Any CPU.Build.0 = Release|Any CPU
		{D19CDF9D-992F-4EBC-96E9-3F0BE4721FEE}.Debug|Any CPU.ActiveCfg = Debug|Any CPU
		{D19CDF9D-992F-4EBC-96E9-3F0BE4721FEE}.Debug|Any CPU.Build.0 = Debug|Any CPU
		{D19CDF9D-992F-4EBC-96E9-3F0BE4721FEE}.Local|Any CPU.ActiveCfg = Debug|Any CPU
		{D19CDF9D-992F-4EBC-96E9-3F0BE4721FEE}.Local|Any CPU.Build.0 = Debug|Any CPU
		{D19CDF9D-992F-4EBC-96E9-3F0BE4721FEE}.Release|Any CPU.ActiveCfg = Release|Any CPU
		{D19CDF9D-992F-4EBC-96E9-3F0BE4721FEE}.Release|Any CPU.Build.0 = Release|Any CPU
		{2CEFF99D-1113-4E0E-A2EB-687B045E289E}.Debug|Any CPU.ActiveCfg = Debug|Any CPU
		{2CEFF99D-1113-4E0E-A2EB-687B045E289E}.Debug|Any CPU.Build.0 = Debug|Any CPU
		{2CEFF99D-1113-4E0E-A2EB-687B045E289E}.Local|Any CPU.ActiveCfg = Debug|Any CPU
		{2CEFF99D-1113-4E0E-A2EB-687B045E289E}.Local|Any CPU.Build.0 = Debug|Any CPU
		{2CEFF99D-1113-4E0E-A2EB-687B045E289E}.Release|Any CPU.ActiveCfg = Release|Any CPU
		{2CEFF99D-1113-4E0E-A2EB-687B045E289E}.Release|Any CPU.Build.0 = Release|Any CPU
		{B9488347-04DA-4CA2-A862-6D9A4A761548}.Debug|Any CPU.ActiveCfg = Debug|Any CPU
		{B9488347-04DA-4CA2-A862-6D9A4A761548}.Debug|Any CPU.Build.0 = Debug|Any CPU
		{B9488347-04DA-4CA2-A862-6D9A4A761548}.Local|Any CPU.ActiveCfg = Debug|Any CPU
		{B9488347-04DA-4CA2-A862-6D9A4A761548}.Local|Any CPU.Build.0 = Debug|Any CPU
		{B9488347-04DA-4CA2-A862-6D9A4A761548}.Release|Any CPU.ActiveCfg = Release|Any CPU
		{B9488347-04DA-4CA2-A862-6D9A4A761548}.Release|Any CPU.Build.0 = Release|Any CPU
		{CC7C860D-713F-4783-909F-DD9E893DA597}.Debug|Any CPU.ActiveCfg = Debug|Any CPU
		{CC7C860D-713F-4783-909F-DD9E893DA597}.Debug|Any CPU.Build.0 = Debug|Any CPU
		{CC7C860D-713F-4783-909F-DD9E893DA597}.Local|Any CPU.ActiveCfg = Debug|Any CPU
		{CC7C860D-713F-4783-909F-DD9E893DA597}.Local|Any CPU.Build.0 = Debug|Any CPU
		{CC7C860D-713F-4783-909F-DD9E893DA597}.Release|Any CPU.ActiveCfg = Release|Any CPU
		{CC7C860D-713F-4783-909F-DD9E893DA597}.Release|Any CPU.Build.0 = Release|Any CPU
		{94F6B066-6654-48F6-B33C-AE5D726323F1}.Debug|Any CPU.ActiveCfg = Debug|Any CPU
		{94F6B066-6654-48F6-B33C-AE5D726323F1}.Debug|Any CPU.Build.0 = Debug|Any CPU
		{94F6B066-6654-48F6-B33C-AE5D726323F1}.Local|Any CPU.ActiveCfg = Release|Any CPU
		{94F6B066-6654-48F6-B33C-AE5D726323F1}.Local|Any CPU.Build.0 = Release|Any CPU
		{94F6B066-6654-48F6-B33C-AE5D726323F1}.Release|Any CPU.ActiveCfg = Release|Any CPU
		{94F6B066-6654-48F6-B33C-AE5D726323F1}.Release|Any CPU.Build.0 = Release|Any CPU
		{E65250A8-86EC-41C6-AFAD-E04B483C2931}.Debug|Any CPU.ActiveCfg = Debug|Any CPU
		{E65250A8-86EC-41C6-AFAD-E04B483C2931}.Debug|Any CPU.Build.0 = Debug|Any CPU
		{E65250A8-86EC-41C6-AFAD-E04B483C2931}.Local|Any CPU.ActiveCfg = Release|Any CPU
		{E65250A8-86EC-41C6-AFAD-E04B483C2931}.Local|Any CPU.Build.0 = Release|Any CPU
		{E65250A8-86EC-41C6-AFAD-E04B483C2931}.Release|Any CPU.ActiveCfg = Release|Any CPU
		{E65250A8-86EC-41C6-AFAD-E04B483C2931}.Release|Any CPU.Build.0 = Release|Any CPU
	EndGlobalSection
	GlobalSection(SolutionProperties) = preSolution
		HideSolutionNode = FALSE
	EndGlobalSection
	GlobalSection(NestedProjects) = preSolution
		{D17E2FBF-BA78-4BDE-9B8A-3E53C2AF6D0C} = {A509EE2F-D417-422C-8707-C9008343B29F}
		{0630019F-E1DC-4AC6-B3F7-CF05AA886784} = {A509EE2F-D417-422C-8707-C9008343B29F}
		{E8555C5D-41D1-4B1C-AB63-B7AA4C01BCA2} = {A509EE2F-D417-422C-8707-C9008343B29F}
		{5166CAFC-F622-401C-90CC-707DCB0815AC} = {A509EE2F-D417-422C-8707-C9008343B29F}
		{4C6B92F3-3F91-40A9-B050-7C2A0A7977BB} = {A509EE2F-D417-422C-8707-C9008343B29F}
		{1BAC3375-B4B4-4282-A173-1D1CDF114A79} = {A509EE2F-D417-422C-8707-C9008343B29F}
		{724100DF-E2AB-438B-8966-50023D393DF6} = {A509EE2F-D417-422C-8707-C9008343B29F}
		{965D14F2-AB33-4B0A-A6F2-266B3E596F9C} = {A509EE2F-D417-422C-8707-C9008343B29F}
		{8E27AD81-4A0F-43FD-A45A-85654730FC9E} = {D17E2FBF-BA78-4BDE-9B8A-3E53C2AF6D0C}
		{9AA5FBFC-69BA-4BA3-82AD-49F82CD2EB11} = {D17E2FBF-BA78-4BDE-9B8A-3E53C2AF6D0C}
		{C01F30BA-2CC9-4356-9042-E435529D3D27} = {D17E2FBF-BA78-4BDE-9B8A-3E53C2AF6D0C}
		{D19CDF9D-992F-4EBC-96E9-3F0BE4721FEE} = {D17E2FBF-BA78-4BDE-9B8A-3E53C2AF6D0C}
		{2CEFF99D-1113-4E0E-A2EB-687B045E289E} = {D17E2FBF-BA78-4BDE-9B8A-3E53C2AF6D0C}
		{B9488347-04DA-4CA2-A862-6D9A4A761548} = {D17E2FBF-BA78-4BDE-9B8A-3E53C2AF6D0C}
		{CC7C860D-713F-4783-909F-DD9E893DA597} = {A509EE2F-D417-422C-8707-C9008343B29F}
	EndGlobalSection
EndGlobal
